
Microsoft Visual Studio Solution File, Format Version 11.00
# Visual Studio 2010
Project("{8BC9CEB8-8B4A-11D0-8D11-00A0C91BC942}") = "ServerPipe", "ServerPipe\ServerPipe.vcxproj", "{84E01666-C37D-4314-9CD8-DFE65B44998B}"
EndProject
Global
	GlobalSection(SolutionConfigurationPlatforms) = preSolution
		Debug|Win32 = Debug|Win32
		Release|Win32 = Release|Win32
	EndGlobalSection
	GlobalSection(ProjectConfigurationPlatforms) = postSolution
		{84E01666-C37D-4314-9CD8-DFE65B44998B}.Debug|Win32.ActiveCfg = Debug|Win32
		{84E01666-C37D-4314-9CD8-DFE65B44998B}.Debug|Win32.Build.0 = Debug|Win32
		{84E01666-C37D-4314-9CD8-DFE65B44998B}.Release|Win32.ActiveCfg = Release|Win32
		{84E01666-C37D-4314-9CD8-DFE65B44998B}.Release|Win32.Build.0 = Release|Win32
	EndGlobalSection
	GlobalSection(SolutionProperties) = preSolution
		HideSolutionNode = FALSE
	EndGlobalSection
EndGlobal
