
Microsoft Visual Studio Solution File, Format Version 11.00
# Visual Studio 2010
Project("{FAE04EC0-301F-11D3-BF4B-00C04F79EFBC}") = "PipeServer", "PipeServer\PipeServer.csproj", "{CE9347D2-5686-4FA3-BC39-5BF8407A635C}"
EndProject
Global
	GlobalSection(SolutionConfigurationPlatforms) = preSolution
		Debug|Any CPU = Debug|Any CPU
		Release|Any CPU = Release|Any CPU
	EndGlobalSection
	GlobalSection(ProjectConfigurationPlatforms) = postSolution
		{CE9347D2-5686-4FA3-BC39-5BF8407A635C}.Debug|Any CPU.ActiveCfg = Debug|Any CPU
		{CE9347D2-5686-4FA3-BC39-5BF8407A635C}.Debug|Any CPU.Build.0 = Debug|Any CPU
		{CE9347D2-5686-4FA3-BC39-5BF8407A635C}.Release|Any CPU.ActiveCfg = Release|Any CPU
		{CE9347D2-5686-4FA3-BC39-5BF8407A635C}.Release|Any CPU.Build.0 = Release|Any CPU
	EndGlobalSection
	GlobalSection(SolutionProperties) = preSolution
		HideSolutionNode = FALSE
	EndGlobalSection
EndGlobal
